
Microsoft Visual Studio Solution File, Format Version 12.00
# Visual Studio Version 17
VisualStudioVersion = 17.0.31903.59
MinimumVisualStudioVersion = 10.0.40219.1
Project("{FAE04EC0-301F-11D3-BF4B-00C04F79EFBC}") = "DistributedWorkflow.Migrations", "DistributedWorkflow.Migrations.csproj", "{983FAD09-181B-422E-8959-9A045B4DF113}"
EndProject
Project("{FAE04EC0-301F-11D3-BF4B-00C04F79EFBC}") = "DistributedWorkflow.Api", "..\DistributedWorkflow.Api\DistributedWorkflow.Api.csproj", "{20BAE679-6F5B-4583-8805-71ABDAD7173C}"
EndProject
Project("{FAE04EC0-301F-11D3-BF4B-00C04F79EFBC}") = "DistributedWorkflow.Worker", "..\DistributedWorkflow.Worker\DistributedWorkflow.Worker.csproj", "{409E1F74-2B10-4711-800B-96D4B20F1C40}"
EndProject
Global
	GlobalSection(SolutionConfigurationPlatforms) = preSolution
		Debug|Any CPU = Debug|Any CPU
		Debug|x64 = Debug|x64
		Debug|x86 = Debug|x86
		Release|Any CPU = Release|Any CPU
		Release|x64 = Release|x64
		Release|x86 = Release|x86
	EndGlobalSection
	GlobalSection(ProjectConfigurationPlatforms) = postSolution
		{983FAD09-181B-422E-8959-9A045B4DF113}.Debug|Any CPU.ActiveCfg = Debug|Any CPU
		{983FAD09-181B-422E-8959-9A045B4DF113}.Debug|Any CPU.Build.0 = Debug|Any CPU
		{983FAD09-181B-422E-8959-9A045B4DF113}.Debug|x64.ActiveCfg = Debug|Any CPU
		{983FAD09-181B-422E-8959-9A045B4DF113}.Debug|x64.Build.0 = Debug|Any CPU
		{983FAD09-181B-422E-8959-9A045B4DF113}.Debug|x86.ActiveCfg = Debug|Any CPU
		{983FAD09-181B-422E-8959-9A045B4DF113}.Debug|x86.Build.0 = Debug|Any CPU
		{983FAD09-181B-422E-8959-9A045B4DF113}.Release|Any CPU.ActiveCfg = Release|Any CPU
		{983FAD09-181B-422E-8959-9A045B4DF113}.Release|Any CPU.Build.0 = Release|Any CPU
		{983FAD09-181B-422E-8959-9A045B4DF113}.Release|x64.ActiveCfg = Release|Any CPU
		{983FAD09-181B-422E-8959-9A045B4DF113}.Release|x64.Build.0 = Release|Any CPU
		{983FAD09-181B-422E-8959-9A045B4DF113}.Release|x86.ActiveCfg = Release|Any CPU
		{983FAD09-181B-422E-8959-9A045B4DF113}.Release|x86.Build.0 = Release|Any CPU
		{20BAE679-6F5B-4583-8805-71ABDAD7173C}.Debug|Any CPU.ActiveCfg = Debug|Any CPU
		{20BAE679-6F5B-4583-8805-71ABDAD7173C}.Debug|Any CPU.Build.0 = Debug|Any CPU
		{20BAE679-6F5B-4583-8805-71ABDAD7173C}.Debug|x64.ActiveCfg = Debug|Any CPU
		{20BAE679-6F5B-4583-8805-71ABDAD7173C}.Debug|x64.Build.0 = Debug|Any CPU
		{20BAE679-6F5B-4583-8805-71ABDAD7173C}.Debug|x86.ActiveCfg = Debug|Any CPU
		{20BAE679-6F5B-4583-8805-71ABDAD7173C}.Debug|x86.Build.0 = Debug|Any CPU
		{20BAE679-6F5B-4583-8805-71ABDAD7173C}.Release|Any CPU.ActiveCfg = Release|Any CPU
		{20BAE679-6F5B-4583-8805-71ABDAD7173C}.Release|Any CPU.Build.0 = Release|Any CPU
		{20BAE679-6F5B-4583-8805-71ABDAD7173C}.Release|x64.ActiveCfg = Release|Any CPU
		{20BAE679-6F5B-4583-8805-71ABDAD7173C}.Release|x64.Build.0 = Release|Any CPU
		{20BAE679-6F5B-4583-8805-71ABDAD7173C}.Release|x86.ActiveCfg = Release|Any CPU
		{20BAE679-6F5B-4583-8805-71ABDAD7173C}.Release|x86.Build.0 = Release|Any CPU
		{409E1F74-2B10-4711-800B-96D4B20F1C40}.Debug|Any CPU.ActiveCfg = Debug|Any CPU
		{409E1F74-2B10-4711-800B-96D4B20F1C40}.Debug|Any CPU.Build.0 = Debug|Any CPU
		{409E1F74-2B10-4711-800B-96D4B20F1C40}.Debug|x64.ActiveCfg = Debug|Any CPU
		{409E1F74-2B10-4711-800B-96D4B20F1C40}.Debug|x64.Build.0 = Debug|Any CPU
		{409E1F74-2B10-4711-800B-96D4B20F1C40}.Debug|x86.ActiveCfg = Debug|Any CPU
		{409E1F74-2B10-4711-800B-96D4B20F1C40}.Debug|x86.Build.0 = Debug|Any CPU
		{409E1F74-2B10-4711-800B-96D4B20F1C40}.Release|Any CPU.ActiveCfg = Release|Any CPU
		{409E1F74-2B10-4711-800B-96D4B20F1C40}.Release|Any CPU.Build.0 = Release|Any CPU
		{409E1F74-2B10-4711-800B-96D4B20F1C40}.Release|x64.ActiveCfg = Release|Any CPU
		{409E1F74-2B10-4711-800B-96D4B20F1C40}.Release|x64.Build.0 = Release|Any CPU
		{409E1F74-2B10-4711-800B-96D4B20F1C40}.Release|x86.ActiveCfg = Release|Any CPU
		{409E1F74-2B10-4711-800B-96D4B20F1C40}.Release|x86.Build.0 = Release|Any CPU
	EndGlobalSection
	GlobalSection(SolutionProperties) = preSolution
		HideSolutionNode = FALSE
	EndGlobalSection
EndGlobal
