
Microsoft Visual Studio Solution File, Format Version 12.00
# Visual Studio Version 17
VisualStudioVersion = 17.14.37301.10 d17.14
MinimumVisualStudioVersion = 10.0.40219.1
Project("{FAE04EC0-301F-11D3-BF4B-00C04F79EFBC}") = "DistributedWorkflow.RegistrationStatusUpdater", "DistributedWorkflow.RegistrationStatusUpdater.csproj", "{A7ABA21F-4C71-1BBE-F1B4-85FFE1722732}"
EndProject
Global
	GlobalSection(SolutionConfigurationPlatforms) = preSolution
		Debug|Any CPU = Debug|Any CPU
		Release|Any CPU = Release|Any CPU
	EndGlobalSection
	GlobalSection(ProjectConfigurationPlatforms) = postSolution
		{A7ABA21F-4C71-1BBE-F1B4-85FFE1722732}.Debug|Any CPU.ActiveCfg = Debug|Any CPU
		{A7ABA21F-4C71-1BBE-F1B4-85FFE1722732}.Debug|Any CPU.Build.0 = Debug|Any CPU
		{A7ABA21F-4C71-1BBE-F1B4-85FFE1722732}.Release|Any CPU.ActiveCfg = Release|Any CPU
		{A7ABA21F-4C71-1BBE-F1B4-85FFE1722732}.Release|Any CPU.Build.0 = Release|Any CPU
	EndGlobalSection
	GlobalSection(SolutionProperties) = preSolution
		HideSolutionNode = FALSE
	EndGlobalSection
	GlobalSection(ExtensibilityGlobals) = postSolution
		SolutionGuid = {AF91FE11-EC90-4466-A80C-11DA3AE07155}
	EndGlobalSection
EndGlobal
